
Microsoft Visual Studio Solution File, Format Version 12.00
# Visual Studio Version 17
VisualStudioVersion = 17.7.34202.233
MinimumVisualStudioVersion = 10.0.40219.1
Project("{FAE04EC0-301F-11D3-BF4B-00C04F79EFBC}") = "Tetris", "Tetris\Tetris.csproj", "{2FA3A321-576F-4B77-B4D4-861710776285}"
EndProject
Global
	GlobalSection(SolutionConfigurationPlatforms) = preSolution
		Debug|Any CPU = Debug|Any CPU
		Release|Any CPU = Release|Any CPU
	EndGlobalSection
	GlobalSection(ProjectConfigurationPlatforms) = postSolution
		{2FA3A321-576F-4B77-B4D4-861710776285}.Debug|Any CPU.ActiveCfg = Debug|Any CPU
		{2FA3A321-576F-4B77-B4D4-861710776285}.Debug|Any CPU.Build.0 = Debug|Any CPU
		{2FA3A321-576F-4B77-B4D4-861710776285}.Release|Any CPU.ActiveCfg = Release|Any CPU
		{2FA3A321-576F-4B77-B4D4-861710776285}.Release|Any CPU.Build.0 = Release|Any CPU
	EndGlobalSection
	GlobalSection(SolutionProperties) = preSolution
		HideSolutionNode = FALSE
	EndGlobalSection
	GlobalSection(ExtensibilityGlobals) = postSolution
		SolutionGuid = {59C61F47-9211-4D78-8339-E9B1F3FEC65C}
	EndGlobalSection
EndGlobal
